
Microsoft Visual Studio Solution File, Format Version 12.00
# Visual Studio Version 17
VisualStudioVersion = 17.3.32929.385
MinimumVisualStudioVersion = 10.0.40219.1
Project("{FAE04EC0-301F-11D3-BF4B-00C04F79EFBC}") = "MyNewApp", "MyNewApp\MyNewApp.csproj", "{3AE3122D-BE8B-4811-965E-AC40E7F3A64D}"
EndProject
Global
	GlobalSection(SolutionConfigurationPlatforms) = preSolution
		Debug|Any CPU = Debug|Any CPU
		Release|Any CPU = Release|Any CPU
	EndGlobalSection
	GlobalSection(ProjectConfigurationPlatforms) = postSolution
		{3AE3122D-BE8B-4811-965E-AC40E7F3A64D}.Debug|Any CPU.ActiveCfg = Debug|Any CPU
		{3AE3122D-BE8B-4811-965E-AC40E7F3A64D}.Debug|Any CPU.Build.0 = Debug|Any CPU
		{3AE3122D-BE8B-4811-965E-AC40E7F3A64D}.Release|Any CPU.ActiveCfg = Release|Any CPU
		{3AE3122D-BE8B-4811-965E-AC40E7F3A64D}.Release|Any CPU.Build.0 = Release|Any CPU
	EndGlobalSection
	GlobalSection(SolutionProperties) = preSolution
		HideSolutionNode = FALSE
	EndGlobalSection
	GlobalSection(ExtensibilityGlobals) = postSolution
		SolutionGuid = {05296D3A-588F-40A5-A80B-17071E23918B}
	EndGlobalSection
EndGlobal
